
Microsoft Visual Studio Solution File, Format Version 12.00
# Visual Studio Version 17
VisualStudioVersion = 17.3.32811.315
MinimumVisualStudioVersion = 10.0.40219.1
Project("{FAE04EC0-301F-11D3-BF4B-00C04F79EFBC}") = "MusicalIntrumentStoreManagementProject", "MusicalIntrumentStoreManagementProject\MusicalIntrumentStoreManagementProject.csproj", "{ADE5F952-0C01-4AF5-B295-52FFD3A4229A}"
EndProject
Global
	GlobalSection(SolutionConfigurationPlatforms) = preSolution
		Debug|Any CPU = Debug|Any CPU
		Release|Any CPU = Release|Any CPU
	EndGlobalSection
	GlobalSection(ProjectConfigurationPlatforms) = postSolution
		{ADE5F952-0C01-4AF5-B295-52FFD3A4229A}.Debug|Any CPU.ActiveCfg = Debug|Any CPU
		{ADE5F952-0C01-4AF5-B295-52FFD3A4229A}.Debug|Any CPU.Build.0 = Debug|Any CPU
		{ADE5F952-0C01-4AF5-B295-52FFD3A4229A}.Release|Any CPU.ActiveCfg = Release|Any CPU
		{ADE5F952-0C01-4AF5-B295-52FFD3A4229A}.Release|Any CPU.Build.0 = Release|Any CPU
	EndGlobalSection
	GlobalSection(SolutionProperties) = preSolution
		HideSolutionNode = FALSE
	EndGlobalSection
	GlobalSection(ExtensibilityGlobals) = postSolution
		SolutionGuid = {E2ED3B98-E1E4-412D-9065-8CF0D1F6B583}
	EndGlobalSection
EndGlobal
